// !$*UTF8*$!
{
	archiveVersion = 1;
	classes = {
	};
	objectVersion = 46;
	objects = {

/* Begin PBXBuildFile section */
		302C28DF142B11AA0048A778 /* liblua.a in Frameworks */ = {isa = PBXBuildFile; fileRef = 302C279C142B0F8F0048A778 /* liblua.a */; };
		303EBC8117AC665200366466 /* lapi.c in Sources */ = {isa = PBXBuildFile; fileRef = 303EBC4B17AC665200366466 /* lapi.c */; };
		303EBC8217AC665200366466 /* lapi.h in Headers */ = {isa = PBXBuildFile; fileRef = 303EBC4C17AC665200366466 /* lapi.h */; };
		303EBC8317AC665200366466 /* lauxlib.c in Sources */ = {isa = PBXBuildFile; fileRef = 303EBC4D17AC665200366466 /* lauxlib.c */; };
		303EBC8417AC665200366466 /* lauxlib.h in Headers */ = {isa = PBXBuildFile; fileRef = 303EBC4E17AC665200366466 /* lauxlib.h */; };
		303EBC8517AC665200366466 /* lbaselib.c in Sources */ = {isa = PBXBuildFile; fileRef = 303EBC4F17AC665200366466 /* lbaselib.c */; };
		303EBC8617AC665200366466 /* lcode.c in Sources */ = {isa = PBXBuildFile; fileRef = 303EBC5017AC665200366466 /* lcode.c */; };
		303EBC8717AC665200366466 /* lcode.h in Headers */ = {isa = PBXBuildFile; fileRef = 303EBC5117AC665200366466 /* lcode.h */; };
		303EBC8817AC665200366466 /* ldblib.c in Sources */ = {isa = PBXBuildFile; fileRef = 303EBC5217AC665200366466 /* ldblib.c */; };
		303EBC8917AC665200366466 /* ldebug.c in Sources */ = {isa = PBXBuildFile; fileRef = 303EBC5317AC665200366466 /* ldebug.c */; };
		303EBC8A17AC665200366466 /* ldebug.h in Headers */ = {isa = PBXBuildFile; fileRef = 303EBC5417AC665200366466 /* ldebug.h */; };
		303EBC8B17AC665200366466 /* ldo.c in Sources */ = {isa = PBXBuildFile; fileRef = 303EBC5517AC665200366466 /* ldo.c */; };
		303EBC8C17AC665200366466 /* ldo.h in Headers */ = {isa = PBXBuildFile; fileRef = 303EBC5617AC665200366466 /* ldo.h */; };
		303EBC8D17AC665200366466 /* ldump.c in Sources */ = {isa = PBXBuildFile; fileRef = 303EBC5717AC665200366466 /* ldump.c */; };
		303EBC8E17AC665200366466 /* lfunc.c in Sources */ = {isa = PBXBuildFile; fileRef = 303EBC5817AC665200366466 /* lfunc.c */; };
		303EBC8F17AC665200366466 /* lfunc.h in Headers */ = {isa = PBXBuildFile; fileRef = 303EBC5917AC665200366466 /* lfunc.h */; };
		303EBC9017AC665200366466 /* lgc.c in Sources */ = {isa = PBXBuildFile; fileRef = 303EBC5A17AC665200366466 /* lgc.c */; };
		303EBC9117AC665200366466 /* lgc.h in Headers */ = {isa = PBXBuildFile; fileRef = 303EBC5B17AC665200366466 /* lgc.h */; };
		303EBC9217AC665200366466 /* linit.c in Sources */ = {isa = PBXBuildFile; fileRef = 303EBC5C17AC665200366466 /* linit.c */; };
		303EBC9317AC665200366466 /* liolib.c in Sources */ = {isa = PBXBuildFile; fileRef = 303EBC5D17AC665200366466 /* liolib.c */; };
		303EBC9417AC665200366466 /* llex.c in Sources */ = {isa = PBXBuildFile; fileRef = 303EBC5E17AC665200366466 /* llex.c */; };
		303EBC9517AC665200366466 /* llex.h in Headers */ = {isa = PBXBuildFile; fileRef = 303EBC5F17AC665200366466 /* llex.h */; };
		303EBC9617AC665200366466 /* llimits.h in Headers */ = {isa = PBXBuildFile; fileRef = 303EBC6017AC665200366466 /* llimits.h */; };
		303EBC9717AC665200366466 /* lmathlib.c in Sources */ = {isa = PBXBuildFile; fileRef = 303EBC6117AC665200366466 /* lmathlib.c */; };
		303EBC9817AC665200366466 /* lmem.c in Sources */ = {isa = PBXBuildFile; fileRef = 303EBC6217AC665200366466 /* lmem.c */; };
		303EBC9917AC665200366466 /* lmem.h in Headers */ = {isa = PBXBuildFile; fileRef = 303EBC6317AC665200366466 /* lmem.h */; };
		303EBC9A17AC665200366466 /* loadlib.c in Sources */ = {isa = PBXBuildFile; fileRef = 303EBC6417AC665200366466 /* loadlib.c */; };
		303EBC9B17AC665200366466 /* lobject.c in Sources */ = {isa = PBXBuildFile; fileRef = 303EBC6517AC665200366466 /* lobject.c */; };
		303EBC9C17AC665200366466 /* lobject.h in Headers */ = {isa = PBXBuildFile; fileRef = 303EBC6617AC665200366466 /* lobject.h */; };
		303EBC9D17AC665200366466 /* lopcodes.c in Sources */ = {isa = PBXBuildFile; fileRef = 303EBC6717AC665200366466 /* lopcodes.c */; };
		303EBC9E17AC665200366466 /* lopcodes.h in Headers */ = {isa = PBXBuildFile; fileRef = 303EBC6817AC665200366466 /* lopcodes.h */; };
		303EBC9F17AC665200366466 /* loslib.c in Sources */ = {isa = PBXBuildFile; fileRef = 303EBC6917AC665200366466 /* loslib.c */; };
		303EBCA017AC665200366466 /* lparser.c in Sources */ = {isa = PBXBuildFile; fileRef = 303EBC6A17AC665200366466 /* lparser.c */; };
		303EBCA117AC665200366466 /* lparser.h in Headers */ = {isa = PBXBuildFile; fileRef = 303EBC6B17AC665200366466 /* lparser.h */; };
		303EBCA217AC665200366466 /* lstate.c in Sources */ = {isa = PBXBuildFile; fileRef = 303EBC6C17AC665200366466 /* lstate.c */; };
		303EBCA317AC665200366466 /* lstate.h in Headers */ = {isa = PBXBuildFile; fileRef = 303EBC6D17AC665200366466 /* lstate.h */; };
		303EBCA417AC665200366466 /* lstring.c in Sources */ = {isa = PBXBuildFile; fileRef = 303EBC6E17AC665200366466 /* lstring.c */; };
		303EBCA517AC665200366466 /* lstring.h in Headers */ = {isa = PBXBuildFile; fileRef = 303EBC6F17AC665200366466 /* lstring.h */; };
		303EBCA617AC665200366466 /* lstrlib.c in Sources */ = {isa = PBXBuildFile; fileRef = 303EBC7017AC665200366466 /* lstrlib.c */; };
		303EBCA717AC665200366466 /* ltable.c in Sources */ = {isa = PBXBuildFile; fileRef = 303EBC7117AC665200366466 /* ltable.c */; };
		303EBCA817AC665200366466 /* ltable.h in Headers */ = {isa = PBXBuildFile; fileRef = 303EBC7217AC665200366466 /* ltable.h */; };
		303EBCA917AC665200366466 /* ltablib.c in Sources */ = {isa = PBXBuildFile; fileRef = 303EBC7317AC665200366466 /* ltablib.c */; };
		303EBCAA17AC665200366466 /* ltm.c in Sources */ = {isa = PBXBuildFile; fileRef = 303EBC7417AC665200366466 /* ltm.c */; };
		303EBCAB17AC665200366466 /* ltm.h in Headers */ = {isa = PBXBuildFile; fileRef = 303EBC7517AC665200366466 /* ltm.h */; };
		303EBCAC17AC665200366466 /* lua.h in Headers */ = {isa = PBXBuildFile; fileRef = 303EBC7617AC665200366466 /* lua.h */; };
		303EBCAD17AC665200366466 /* lua.hpp in Headers */ = {isa = PBXBuildFile; fileRef = 303EBC7717AC665200366466 /* lua.hpp */; };
		303EBCAE17AC665200366466 /* luaconf.h in Headers */ = {isa = PBXBuildFile; fileRef = 303EBC7817AC665200366466 /* luaconf.h */; };
		303EBCAF17AC665200366466 /* lualib.h in Headers */ = {isa = PBXBuildFile; fileRef = 303EBC7917AC665200366466 /* lualib.h */; };
		303EBCB017AC665200366466 /* lundump.c in Sources */ = {isa = PBXBuildFile; fileRef = 303EBC7A17AC665200366466 /* lundump.c */; };
		303EBCB117AC665200366466 /* lundump.h in Headers */ = {isa = PBXBuildFile; fileRef = 303EBC7B17AC665200366466 /* lundump.h */; };
		303EBCB217AC665200366466 /* lvm.c in Sources */ = {isa = PBXBuildFile; fileRef = 303EBC7C17AC665200366466 /* lvm.c */; };
		303EBCB317AC665200366466 /* lvm.h in Headers */ = {isa = PBXBuildFile; fileRef = 303EBC7D17AC665200366466 /* lvm.h */; };
		303EBCB417AC665200366466 /* lzio.c in Sources */ = {isa = PBXBuildFile; fileRef = 303EBC7E17AC665200366466 /* lzio.c */; };
		303EBCB517AC665200366466 /* lzio.h in Headers */ = {isa = PBXBuildFile; fileRef = 303EBC7F17AC665200366466 /* lzio.h */; };
		303EBCB617AC665200366466 /* print.c in Sources */ = {isa = PBXBuildFile; fileRef = 303EBC8017AC665200366466 /* print.c */; };
		303EBD1B17AC665A00366466 /* adopt_policy.hpp in Headers */ = {isa = PBXBuildFile; fileRef = 303EBCBA17AC665A00366466 /* adopt_policy.hpp */; };
		303EBD1C17AC665A00366466 /* back_reference.hpp in Headers */ = {isa = PBXBuildFile; fileRef = 303EBCBB17AC665A00366466 /* back_reference.hpp */; };
		303EBD1D17AC665A00366466 /* back_reference_fwd.hpp in Headers */ = {isa = PBXBuildFile; fileRef = 303EBCBC17AC665A00366466 /* back_reference_fwd.hpp */; };
		303EBD1E17AC665A00366466 /* class.hpp in Headers */ = {isa = PBXBuildFile; fileRef = 303EBCBD17AC665A00366466 /* class.hpp */; };
		303EBD1F17AC665A00366466 /* class_info.hpp in Headers */ = {isa = PBXBuildFile; fileRef = 303EBCBE17AC665A00366466 /* class_info.hpp */; };
		303EBD2017AC665A00366466 /* config.hpp in Headers */ = {isa = PBXBuildFile; fileRef = 303EBCBF17AC665A00366466 /* config.hpp */; };
		303EBD2117AC665A00366466 /* container_policy.hpp in Headers */ = {isa = PBXBuildFile; fileRef = 303EBCC017AC665A00366466 /* container_policy.hpp */; };
		303EBD2217AC665A00366466 /* copy_policy.hpp in Headers */ = {isa = PBXBuildFile; fileRef = 303EBCC117AC665A00366466 /* copy_policy.hpp */; };
		303EBD2317AC665A00366466 /* dependency_policy.hpp in Headers */ = {isa = PBXBuildFile; fileRef = 303EBCC217AC665A00366466 /* dependency_policy.hpp */; };
		303EBD2417AC665A00366466 /* call.hpp in Headers */ = {isa = PBXBuildFile; fileRef = 303EBCC417AC665A00366466 /* call.hpp */; };
		303EBD2517AC665A00366466 /* call_0x.hpp in Headers */ = {isa = PBXBuildFile; fileRef = 303EBCC517AC665A00366466 /* call_0x.hpp */; };
		303EBD2617AC665A00366466 /* call_function.hpp in Headers */ = {isa = PBXBuildFile; fileRef = 303EBCC617AC665A00366466 /* call_function.hpp */; };
		303EBD2717AC665A00366466 /* call_member.hpp in Headers */ = {isa = PBXBuildFile; fileRef = 303EBCC717AC665A00366466 /* call_member.hpp */; };
		303EBD2817AC665A00366466 /* call_operator_iterate.hpp in Headers */ = {isa = PBXBuildFile; fileRef = 303EBCC817AC665A00366466 /* call_operator_iterate.hpp */; };
		303EBD2917AC665A00366466 /* class_registry.hpp in Headers */ = {isa = PBXBuildFile; fileRef = 303EBCC917AC665A00366466 /* class_registry.hpp */; };
		303EBD2A17AC665A00366466 /* class_rep.hpp in Headers */ = {isa = PBXBuildFile; fileRef = 303EBCCA17AC665A00366466 /* class_rep.hpp */; };
		303EBD2B17AC665A00366466 /* constructor.hpp in Headers */ = {isa = PBXBuildFile; fileRef = 303EBCCB17AC665A00366466 /* constructor.hpp */; };
		303EBD2C17AC665A00366466 /* conversion_storage.hpp in Headers */ = {isa = PBXBuildFile; fileRef = 303EBCCC17AC665A00366466 /* conversion_storage.hpp */; };
		303EBD2D17AC665A00366466 /* convert_to_lua.hpp in Headers */ = {isa = PBXBuildFile; fileRef = 303EBCCD17AC665A00366466 /* convert_to_lua.hpp */; };
		303EBD2E17AC665A00366466 /* debug.hpp in Headers */ = {isa = PBXBuildFile; fileRef = 303EBCCE17AC665A00366466 /* debug.hpp */; };
		303EBD2F17AC665A00366466 /* decorate_type.hpp in Headers */ = {isa = PBXBuildFile; fileRef = 303EBCCF17AC665A00366466 /* decorate_type.hpp */; };
		303EBD3017AC665A00366466 /* deduce_signature.hpp in Headers */ = {isa = PBXBuildFile; fileRef = 303EBCD017AC665A00366466 /* deduce_signature.hpp */; };
		303EBD3117AC665A00366466 /* enum_maker.hpp in Headers */ = {isa = PBXBuildFile; fileRef = 303EBCD117AC665A00366466 /* enum_maker.hpp */; };
		303EBD3217AC665A00366466 /* format_signature.hpp in Headers */ = {isa = PBXBuildFile; fileRef = 303EBCD217AC665A00366466 /* format_signature.hpp */; };
		303EBD3317AC665A00366466 /* garbage_collector.hpp in Headers */ = {isa = PBXBuildFile; fileRef = 303EBCD317AC665A00366466 /* garbage_collector.hpp */; };
		303EBD3417AC665A00366466 /* has_get_pointer.hpp in Headers */ = {isa = PBXBuildFile; fileRef = 303EBCD417AC665A00366466 /* has_get_pointer.hpp */; };
		303EBD3517AC665A00366466 /* inheritance.hpp in Headers */ = {isa = PBXBuildFile; fileRef = 303EBCD517AC665A00366466 /* inheritance.hpp */; };
		303EBD3617AC665A00366466 /* instance_holder.hpp in Headers */ = {isa = PBXBuildFile; fileRef = 303EBCD617AC665A00366466 /* instance_holder.hpp */; };
		303EBD3717AC665A00366466 /* link_compatibility.hpp in Headers */ = {isa = PBXBuildFile; fileRef = 303EBCD717AC665A00366466 /* link_compatibility.hpp */; };
		303EBD3817AC665A00366466 /* make_instance.hpp in Headers */ = {isa = PBXBuildFile; fileRef = 303EBCD817AC665A00366466 /* make_instance.hpp */; };
		303EBD3917AC665A00366466 /* most_derived.hpp in Headers */ = {isa = PBXBuildFile; fileRef = 303EBCD917AC665A00366466 /* most_derived.hpp */; };
		303EBD3A17AC665A00366466 /* object_call.hpp in Headers */ = {isa = PBXBuildFile; fileRef = 303EBCDA17AC665A00366466 /* object_call.hpp */; };
		303EBD3B17AC665A00366466 /* object_rep.hpp in Headers */ = {isa = PBXBuildFile; fileRef = 303EBCDB17AC665A00366466 /* object_rep.hpp */; };
		303EBD3C17AC665A00366466 /* open.hpp in Headers */ = {isa = PBXBuildFile; fileRef = 303EBCDC17AC665A00366466 /* open.hpp */; };
		303EBD3D17AC665A00366466 /* operator_id.hpp in Headers */ = {isa = PBXBuildFile; fileRef = 303EBCDD17AC665A00366466 /* operator_id.hpp */; };
		303EBD3E17AC665A00366466 /* other.hpp in Headers */ = {isa = PBXBuildFile; fileRef = 303EBCDE17AC665A00366466 /* other.hpp */; };
		303EBD3F17AC665A00366466 /* pcall.hpp in Headers */ = {isa = PBXBuildFile; fileRef = 303EBCDF17AC665A00366466 /* pcall.hpp */; };
		303EBD4017AC665A00366466 /* pointee_sizeof.hpp in Headers */ = {isa = PBXBuildFile; fileRef = 303EBCE017AC665A00366466 /* pointee_sizeof.hpp */; };
		303EBD4117AC665A00366466 /* pointee_typeid.hpp in Headers */ = {isa = PBXBuildFile; fileRef = 303EBCE117AC665A00366466 /* pointee_typeid.hpp */; };
		303EBD4217AC665A00366466 /* policy.hpp in Headers */ = {isa = PBXBuildFile; fileRef = 303EBCE217AC665A00366466 /* policy.hpp */; };
		303EBD4317AC665A00366466 /* primitives.hpp in Headers */ = {isa = PBXBuildFile; fileRef = 303EBCE317AC665A00366466 /* primitives.hpp */; };
		303EBD4417AC665A00366466 /* property.hpp in Headers */ = {isa = PBXBuildFile; fileRef = 303EBCE417AC665A00366466 /* property.hpp */; };
		303EBD4517AC665A00366466 /* ref.hpp in Headers */ = {isa = PBXBuildFile; fileRef = 303EBCE517AC665A00366466 /* ref.hpp */; };
		303EBD4617AC665A00366466 /* signature_match.hpp in Headers */ = {isa = PBXBuildFile; fileRef = 303EBCE617AC665A00366466 /* signature_match.hpp */; };
		303EBD4717AC665A00366466 /* stack_utils.hpp in Headers */ = {isa = PBXBuildFile; fileRef = 303EBCE717AC665A00366466 /* stack_utils.hpp */; };
		303EBD4817AC665A00366466 /* typetraits.hpp in Headers */ = {isa = PBXBuildFile; fileRef = 303EBCE817AC665A00366466 /* typetraits.hpp */; };
		303EBD4917AC665A00366466 /* yes_no.hpp in Headers */ = {isa = PBXBuildFile; fileRef = 303EBCE917AC665A00366466 /* yes_no.hpp */; };
		303EBD4A17AC665A00366466 /* discard_result_policy.hpp in Headers */ = {isa = PBXBuildFile; fileRef = 303EBCEA17AC665A00366466 /* discard_result_policy.hpp */; };
		303EBD4B17AC665A00366466 /* error.hpp in Headers */ = {isa = PBXBuildFile; fileRef = 303EBCEB17AC665A00366466 /* error.hpp */; };
		303EBD4C17AC665A00366466 /* exception_handler.hpp in Headers */ = {isa = PBXBuildFile; fileRef = 303EBCEC17AC665A00366466 /* exception_handler.hpp */; };
		303EBD4D17AC665A00366466 /* from_stack.hpp in Headers */ = {isa = PBXBuildFile; fileRef = 303EBCED17AC665A00366466 /* from_stack.hpp */; };
		303EBD4E17AC665A00366466 /* function.hpp in Headers */ = {isa = PBXBuildFile; fileRef = 303EBCEE17AC665A00366466 /* function.hpp */; };
		303EBD4F17AC665A00366466 /* get_main_thread.hpp in Headers */ = {isa = PBXBuildFile; fileRef = 303EBCEF17AC665A00366466 /* get_main_thread.hpp */; };
		303EBD5017AC665A00366466 /* get_pointer.hpp in Headers */ = {isa = PBXBuildFile; fileRef = 303EBCF017AC665A00366466 /* get_pointer.hpp */; };
		303EBD5117AC665A00366466 /* handle.hpp in Headers */ = {isa = PBXBuildFile; fileRef = 303EBCF117AC665A00366466 /* handle.hpp */; };
		303EBD5217AC665A00366466 /* iterator_policy.hpp in Headers */ = {isa = PBXBuildFile; fileRef = 303EBCF217AC665A00366466 /* iterator_policy.hpp */; };
		303EBD5317AC665A00366466 /* lua_include.hpp in Headers */ = {isa = PBXBuildFile; fileRef = 303EBCF317AC665A00366466 /* lua_include.hpp */; };
		303EBD5417AC665A00366466 /* luabind.hpp in Headers */ = {isa = PBXBuildFile; fileRef = 303EBCF417AC665A00366466 /* luabind.hpp */; };
		303EBD5517AC665A00366466 /* make_function.hpp in Headers */ = {isa = PBXBuildFile; fileRef = 303EBCF517AC665A00366466 /* make_function.hpp */; };
		303EBD5617AC665A00366466 /* nil.hpp in Headers */ = {isa = PBXBuildFile; fileRef = 303EBCF617AC665A00366466 /* nil.hpp */; };
		303EBD5717AC665A00366466 /* no_dependency.hpp in Headers */ = {isa = PBXBuildFile; fileRef = 303EBCF717AC665A00366466 /* no_dependency.hpp */; };
		303EBD5817AC665A00366466 /* object.hpp in Headers */ = {isa = PBXBuildFile; fileRef = 303EBCF817AC665A00366466 /* object.hpp */; };
		303EBD5917AC665A00366466 /* open.hpp in Headers */ = {isa = PBXBuildFile; fileRef = 303EBCF917AC665A00366466 /* open.hpp */; };
		303EBD5A17AC665A00366466 /* operator.hpp in Headers */ = {isa = PBXBuildFile; fileRef = 303EBCFA17AC665A00366466 /* operator.hpp */; };
		303EBD5B17AC665A00366466 /* out_value_policy.hpp in Headers */ = {isa = PBXBuildFile; fileRef = 303EBCFB17AC665A00366466 /* out_value_policy.hpp */; };
		303EBD5C17AC665A00366466 /* prefix.hpp in Headers */ = {isa = PBXBuildFile; fileRef = 303EBCFC17AC665A00366466 /* prefix.hpp */; };
		303EBD5D17AC665A00366466 /* raw_policy.hpp in Headers */ = {isa = PBXBuildFile; fileRef = 303EBCFD17AC665A00366466 /* raw_policy.hpp */; };
		303EBD5E17AC665A00366466 /* return_reference_to_policy.hpp in Headers */ = {isa = PBXBuildFile; fileRef = 303EBCFE17AC665A00366466 /* return_reference_to_policy.hpp */; };
		303EBD5F17AC665A00366466 /* scope.hpp in Headers */ = {isa = PBXBuildFile; fileRef = 303EBCFF17AC665A00366466 /* scope.hpp */; };
		303EBD6017AC665A00366466 /* shared_ptr_converter.hpp in Headers */ = {isa = PBXBuildFile; fileRef = 303EBD0017AC665A00366466 /* shared_ptr_converter.hpp */; };
		303EBD6117AC665A00366466 /* tag_function.hpp in Headers */ = {isa = PBXBuildFile; fileRef = 303EBD0117AC665A00366466 /* tag_function.hpp */; };
		303EBD6217AC665A00366466 /* typeid.hpp in Headers */ = {isa = PBXBuildFile; fileRef = 303EBD0217AC665A00366466 /* typeid.hpp */; };
		303EBD6317AC665A00366466 /* value_wrapper.hpp in Headers */ = {isa = PBXBuildFile; fileRef = 303EBD0317AC665A00366466 /* value_wrapper.hpp */; };
		303EBD6417AC665A00366466 /* vector.hpp in Headers */ = {isa = PBXBuildFile; fileRef = 303EBD0417AC665A00366466 /* vector.hpp */; };
		303EBD6517AC665A00366466 /* version.hpp in Headers */ = {isa = PBXBuildFile; fileRef = 303EBD0517AC665A00366466 /* version.hpp */; };
		303EBD6617AC665A00366466 /* weak_ref.hpp in Headers */ = {isa = PBXBuildFile; fileRef = 303EBD0617AC665A00366466 /* weak_ref.hpp */; };
		303EBD6717AC665A00366466 /* wrapper_base.hpp in Headers */ = {isa = PBXBuildFile; fileRef = 303EBD0717AC665A00366466 /* wrapper_base.hpp */; };
		303EBD6817AC665A00366466 /* yield_policy.hpp in Headers */ = {isa = PBXBuildFile; fileRef = 303EBD0817AC665A00366466 /* yield_policy.hpp */; };
		303EBD6917AC665A00366466 /* class.cpp in Sources */ = {isa = PBXBuildFile; fileRef = 303EBD0A17AC665A00366466 /* class.cpp */; };
		303EBD6A17AC665A00366466 /* class_info.cpp in Sources */ = {isa = PBXBuildFile; fileRef = 303EBD0B17AC665A00366466 /* class_info.cpp */; };
		303EBD6B17AC665A00366466 /* class_registry.cpp in Sources */ = {isa = PBXBuildFile; fileRef = 303EBD0C17AC665A00366466 /* class_registry.cpp */; };
		303EBD6C17AC665A00366466 /* class_rep.cpp in Sources */ = {isa = PBXBuildFile; fileRef = 303EBD0D17AC665A00366466 /* class_rep.cpp */; };
		303EBD6D17AC665A00366466 /* create_class.cpp in Sources */ = {isa = PBXBuildFile; fileRef = 303EBD0E17AC665A00366466 /* create_class.cpp */; };
		303EBD6E17AC665A00366466 /* error.cpp in Sources */ = {isa = PBXBuildFile; fileRef = 303EBD0F17AC665A00366466 /* error.cpp */; };
		303EBD6F17AC665A00366466 /* exception_handler.cpp in Sources */ = {isa = PBXBuildFile; fileRef = 303EBD1017AC665A00366466 /* exception_handler.cpp */; };
		303EBD7017AC665A00366466 /* function.cpp in Sources */ = {isa = PBXBuildFile; fileRef = 303EBD1117AC665A00366466 /* function.cpp */; };
		303EBD7117AC665A00366466 /* inheritance.cpp in Sources */ = {isa = PBXBuildFile; fileRef = 303EBD1217AC665A00366466 /* inheritance.cpp */; };
		303EBD7217AC665A00366466 /* link_compatibility.cpp in Sources */ = {isa = PBXBuildFile; fileRef = 303EBD1317AC665A00366466 /* link_compatibility.cpp */; };
		303EBD7317AC665A00366466 /* object_rep.cpp in Sources */ = {isa = PBXBuildFile; fileRef = 303EBD1417AC665A00366466 /* object_rep.cpp */; };
		303EBD7417AC665A00366466 /* open.cpp in Sources */ = {isa = PBXBuildFile; fileRef = 303EBD1517AC665A00366466 /* open.cpp */; };
		303EBD7517AC665A00366466 /* pcall.cpp in Sources */ = {isa = PBXBuildFile; fileRef = 303EBD1617AC665A00366466 /* pcall.cpp */; };
		303EBD7617AC665A00366466 /* scope.cpp in Sources */ = {isa = PBXBuildFile; fileRef = 303EBD1717AC665A00366466 /* scope.cpp */; };
		303EBD7717AC665A00366466 /* stack_content_by_name.cpp in Sources */ = {isa = PBXBuildFile; fileRef = 303EBD1817AC665A00366466 /* stack_content_by_name.cpp */; };
		303EBD7817AC665A00366466 /* weak_ref.cpp in Sources */ = {isa = PBXBuildFile; fileRef = 303EBD1917AC665A00366466 /* weak_ref.cpp */; };
		303EBD7917AC665A00366466 /* wrapper_base.cpp in Sources */ = {isa = PBXBuildFile; fileRef = 303EBD1A17AC665A00366466 /* wrapper_base.cpp */; };
/* End PBXBuildFile section */

/* Begin PBXContainerItemProxy section */
		302C27A1142B0F9A0048A778 /* PBXContainerItemProxy */ = {
			isa = PBXContainerItemProxy;
			containerPortal = 302C2785142B0F6A0048A778 /* Project object */;
			proxyType = 1;
			remoteGlobalIDString = 302C279B142B0F8F0048A778;
			remoteInfo = lua;
		};
/* End PBXContainerItemProxy section */

/* Begin PBXFileReference section */
		302C278E142B0F6A0048A778 /* libluabind.a */ = {isa = PBXFileReference; explicitFileType = archive.ar; includeInIndex = 0; path = libluabind.a; sourceTree = BUILT_PRODUCTS_DIR; };
		302C279C142B0F8F0048A778 /* liblua.a */ = {isa = PBXFileReference; explicitFileType = archive.ar; includeInIndex = 0; path = liblua.a; sourceTree = BUILT_PRODUCTS_DIR; };
		303EBC4A17AC665200366466 /* COPYRIGHT */ = {isa = PBXFileReference; fileEncoding = 4; lastKnownFileType = text; path = COPYRIGHT; sourceTree = "<group>"; };
		303EBC4B17AC665200366466 /* lapi.c */ = {isa = PBXFileReference; fileEncoding = 4; lastKnownFileType = sourcecode.c.c; path = lapi.c; sourceTree = "<group>"; };
		303EBC4C17AC665200366466 /* lapi.h */ = {isa = PBXFileReference; fileEncoding = 4; lastKnownFileType = sourcecode.c.h; path = lapi.h; sourceTree = "<group>"; };
		303EBC4D17AC665200366466 /* lauxlib.c */ = {isa = PBXFileReference; fileEncoding = 4; lastKnownFileType = sourcecode.c.c; path = lauxlib.c; sourceTree = "<group>"; };
		303EBC4E17AC665200366466 /* lauxlib.h */ = {isa = PBXFileReference; fileEncoding = 4; lastKnownFileType = sourcecode.c.h; path = lauxlib.h; sourceTree = "<group>"; };
		303EBC4F17AC665200366466 /* lbaselib.c */ = {isa = PBXFileReference; fileEncoding = 4; lastKnownFileType = sourcecode.c.c; path = lbaselib.c; sourceTree = "<group>"; };
		303EBC5017AC665200366466 /* lcode.c */ = {isa = PBXFileReference; fileEncoding = 4; lastKnownFileType = sourcecode.c.c; path = lcode.c; sourceTree = "<group>"; };
		303EBC5117AC665200366466 /* lcode.h */ = {isa = PBXFileReference; fileEncoding = 4; lastKnownFileType = sourcecode.c.h; path = lcode.h; sourceTree = "<group>"; };
		303EBC5217AC665200366466 /* ldblib.c */ = {isa = PBXFileReference; fileEncoding = 4; lastKnownFileType = sourcecode.c.c; path = ldblib.c; sourceTree = "<group>"; };
		303EBC5317AC665200366466 /* ldebug.c */ = {isa = PBXFileReference; fileEncoding = 4; lastKnownFileType = sourcecode.c.c; path = ldebug.c; sourceTree = "<group>"; };
		303EBC5417AC665200366466 /* ldebug.h */ = {isa = PBXFileReference; fileEncoding = 4; lastKnownFileType = sourcecode.c.h; path = ldebug.h; sourceTree = "<group>"; };
		303EBC5517AC665200366466 /* ldo.c */ = {isa = PBXFileReference; fileEncoding = 4; lastKnownFileType = sourcecode.c.c; path = ldo.c; sourceTree = "<group>"; };
		303EBC5617AC665200366466 /* ldo.h */ = {isa = PBXFileReference; fileEncoding = 4; lastKnownFileType = sourcecode.c.h; path = ldo.h; sourceTree = "<group>"; };
		303EBC5717AC665200366466 /* ldump.c */ = {isa = PBXFileReference; fileEncoding = 4; lastKnownFileType = sourcecode.c.c; path = ldump.c; sourceTree = "<group>"; };
		303EBC5817AC665200366466 /* lfunc.c */ = {isa = PBXFileReference; fileEncoding = 4; lastKnownFileType = sourcecode.c.c; path = lfunc.c; sourceTree = "<group>"; };
		303EBC5917AC665200366466 /* lfunc.h */ = {isa = PBXFileReference; fileEncoding = 4; lastKnownFileType = sourcecode.c.h; path = lfunc.h; sourceTree = "<group>"; };
		303EBC5A17AC665200366466 /* lgc.c */ = {isa = PBXFileReference; fileEncoding = 4; lastKnownFileType = sourcecode.c.c; path = lgc.c; sourceTree = "<group>"; };
		303EBC5B17AC665200366466 /* lgc.h */ = {isa = PBXFileReference; fileEncoding = 4; lastKnownFileType = sourcecode.c.h; path = lgc.h; sourceTree = "<group>"; };
		303EBC5C17AC665200366466 /* linit.c */ = {isa = PBXFileReference; fileEncoding = 4; lastKnownFileType = sourcecode.c.c; path = linit.c; sourceTree = "<group>"; };
		303EBC5D17AC665200366466 /* liolib.c */ = {isa = PBXFileReference; fileEncoding = 4; lastKnownFileType = sourcecode.c.c; path = liolib.c; sourceTree = "<group>"; };
		303EBC5E17AC665200366466 /* llex.c */ = {isa = PBXFileReference; fileEncoding = 4; lastKnownFileType = sourcecode.c.c; path = llex.c; sourceTree = "<group>"; };
		303EBC5F17AC665200366466 /* llex.h */ = {isa = PBXFileReference; fileEncoding = 4; lastKnownFileType = sourcecode.c.h; path = llex.h; sourceTree = "<group>"; };
		303EBC6017AC665200366466 /* llimits.h */ = {isa = PBXFileReference; fileEncoding = 4; lastKnownFileType = sourcecode.c.h; path = llimits.h; sourceTree = "<group>"; };
		303EBC6117AC665200366466 /* lmathlib.c */ = {isa = PBXFileReference; fileEncoding = 4; lastKnownFileType = sourcecode.c.c; path = lmathlib.c; sourceTree = "<group>"; };
		303EBC6217AC665200366466 /* lmem.c */ = {isa = PBXFileReference; fileEncoding = 4; lastKnownFileType = sourcecode.c.c; path = lmem.c; sourceTree = "<group>"; };
		303EBC6317AC665200366466 /* lmem.h */ = {isa = PBXFileReference; fileEncoding = 4; lastKnownFileType = sourcecode.c.h; path = lmem.h; sourceTree = "<group>"; };
		303EBC6417AC665200366466 /* loadlib.c */ = {isa = PBXFileReference; fileEncoding = 4; lastKnownFileType = sourcecode.c.c; path = loadlib.c; sourceTree = "<group>"; };
		303EBC6517AC665200366466 /* lobject.c */ = {isa = PBXFileReference; fileEncoding = 4; lastKnownFileType = sourcecode.c.c; path = lobject.c; sourceTree = "<group>"; };
		303EBC6617AC665200366466 /* lobject.h */ = {isa = PBXFileReference; fileEncoding = 4; lastKnownFileType = sourcecode.c.h; path = lobject.h; sourceTree = "<group>"; };
		303EBC6717AC665200366466 /* lopcodes.c */ = {isa = PBXFileReference; fileEncoding = 4; lastKnownFileType = sourcecode.c.c; path = lopcodes.c; sourceTree = "<group>"; };
		303EBC6817AC665200366466 /* lopcodes.h */ = {isa = PBXFileReference; fileEncoding = 4; lastKnownFileType = sourcecode.c.h; path = lopcodes.h; sourceTree = "<group>"; };
		303EBC6917AC665200366466 /* loslib.c */ = {isa = PBXFileReference; fileEncoding = 4; lastKnownFileType = sourcecode.c.c; path = loslib.c; sourceTree = "<group>"; };
		303EBC6A17AC665200366466 /* lparser.c */ = {isa = PBXFileReference; fileEncoding = 4; lastKnownFileType = sourcecode.c.c; path = lparser.c; sourceTree = "<group>"; };
		303EBC6B17AC665200366466 /* lparser.h */ = {isa = PBXFileReference; fileEncoding = 4; lastKnownFileType = sourcecode.c.h; path = lparser.h; sourceTree = "<group>"; };
		303EBC6C17AC665200366466 /* lstate.c */ = {isa = PBXFileReference; fileEncoding = 4; lastKnownFileType = sourcecode.c.c; path = lstate.c; sourceTree = "<group>"; };
		303EBC6D17AC665200366466 /* lstate.h */ = {isa = PBXFileReference; fileEncoding = 4; lastKnownFileType = sourcecode.c.h; path = lstate.h; sourceTree = "<group>"; };
		303EBC6E17AC665200366466 /* lstring.c */ = {isa = PBXFileReference; fileEncoding = 4; lastKnownFileType = sourcecode.c.c; path = lstring.c; sourceTree = "<group>"; };
		303EBC6F17AC665200366466 /* lstring.h */ = {isa = PBXFileReference; fileEncoding = 4; lastKnownFileType = sourcecode.c.h; path = lstring.h; sourceTree = "<group>"; };
		303EBC7017AC665200366466 /* lstrlib.c */ = {isa = PBXFileReference; fileEncoding = 4; lastKnownFileType = sourcecode.c.c; path = lstrlib.c; sourceTree = "<group>"; };
		303EBC7117AC665200366466 /* ltable.c */ = {isa = PBXFileReference; fileEncoding = 4; lastKnownFileType = sourcecode.c.c; path = ltable.c; sourceTree = "<group>"; };
		303EBC7217AC665200366466 /* ltable.h */ = {isa = PBXFileReference; fileEncoding = 4; lastKnownFileType = sourcecode.c.h; path = ltable.h; sourceTree = "<group>"; };
		303EBC7317AC665200366466 /* ltablib.c */ = {isa = PBXFileReference; fileEncoding = 4; lastKnownFileType = sourcecode.c.c; path = ltablib.c; sourceTree = "<group>"; };
		303EBC7417AC665200366466 /* ltm.c */ = {isa = PBXFileReference; fileEncoding = 4; lastKnownFileType = sourcecode.c.c; path = ltm.c; sourceTree = "<group>"; };
		303EBC7517AC665200366466 /* ltm.h */ = {isa = PBXFileReference; fileEncoding = 4; lastKnownFileType = sourcecode.c.h; path = ltm.h; sourceTree = "<group>"; };
		303EBC7617AC665200366466 /* lua.h */ = {isa = PBXFileReference; fileEncoding = 4; lastKnownFileType = sourcecode.c.h; path = lua.h; sourceTree = "<group>"; };
		303EBC7717AC665200366466 /* lua.hpp */ = {isa = PBXFileReference; fileEncoding = 4; lastKnownFileType = sourcecode.cpp.h; path = lua.hpp; sourceTree = "<group>"; };
		303EBC7817AC665200366466 /* luaconf.h */ = {isa = PBXFileReference; fileEncoding = 4; lastKnownFileType = sourcecode.c.h; path = luaconf.h; sourceTree = "<group>"; };
		303EBC7917AC665200366466 /* lualib.h */ = {isa = PBXFileReference; fileEncoding = 4; lastKnownFileType = sourcecode.c.h; path = lualib.h; sourceTree = "<group>"; };
		303EBC7A17AC665200366466 /* lundump.c */ = {isa = PBXFileReference; fileEncoding = 4; lastKnownFileType = sourcecode.c.c; path = lundump.c; sourceTree = "<group>"; };
		303EBC7B17AC665200366466 /* lundump.h */ = {isa = PBXFileReference; fileEncoding = 4; lastKnownFileType = sourcecode.c.h; path = lundump.h; sourceTree = "<group>"; };
		303EBC7C17AC665200366466 /* lvm.c */ = {isa = PBXFileReference; fileEncoding = 4; lastKnownFileType = sourcecode.c.c; path = lvm.c; sourceTree = "<group>"; };
		303EBC7D17AC665200366466 /* lvm.h */ = {isa = PBXFileReference; fileEncoding = 4; lastKnownFileType = sourcecode.c.h; path = lvm.h; sourceTree = "<group>"; };
		303EBC7E17AC665200366466 /* lzio.c */ = {isa = PBXFileReference; fileEncoding = 4; lastKnownFileType = sourcecode.c.c; path = lzio.c; sourceTree = "<group>"; };
		303EBC7F17AC665200366466 /* lzio.h */ = {isa = PBXFileReference; fileEncoding = 4; lastKnownFileType = sourcecode.c.h; path = lzio.h; sourceTree = "<group>"; };
		303EBC8017AC665200366466 /* print.c */ = {isa = PBXFileReference; fileEncoding = 4; lastKnownFileType = sourcecode.c.c; path = print.c; sourceTree = "<group>"; };
		303EBCB817AC665A00366466 /* LICENSE */ = {isa = PBXFileReference; fileEncoding = 4; lastKnownFileType = text; path = LICENSE; sourceTree = "<group>"; };
		303EBCBA17AC665A00366466 /* adopt_policy.hpp */ = {isa = PBXFileReference; fileEncoding = 4; lastKnownFileType = sourcecode.cpp.h; path = adopt_policy.hpp; sourceTree = "<group>"; };
		303EBCBB17AC665A00366466 /* back_reference.hpp */ = {isa = PBXFileReference; fileEncoding = 4; lastKnownFileType = sourcecode.cpp.h; path = back_reference.hpp; sourceTree = "<group>"; };
		303EBCBC17AC665A00366466 /* back_reference_fwd.hpp */ = {isa = PBXFileReference; fileEncoding = 4; lastKnownFileType = sourcecode.cpp.h; path = back_reference_fwd.hpp; sourceTree = "<group>"; };
		303EBCBD17AC665A00366466 /* class.hpp */ = {isa = PBXFileReference; fileEncoding = 4; lastKnownFileType = sourcecode.cpp.h; path = class.hpp; sourceTree = "<group>"; };
		303EBCBE17AC665A00366466 /* class_info.hpp */ = {isa = PBXFileReference; fileEncoding = 4; lastKnownFileType = sourcecode.cpp.h; path = class_info.hpp; sourceTree = "<group>"; };
		303EBCBF17AC665A00366466 /* config.hpp */ = {isa = PBXFileReference; fileEncoding = 4; lastKnownFileType = sourcecode.cpp.h; path = config.hpp; sourceTree = "<group>"; };
		303EBCC017AC665A00366466 /* container_policy.hpp */ = {isa = PBXFileReference; fileEncoding = 4; lastKnownFileType = sourcecode.cpp.h; path = container_policy.hpp; sourceTree = "<group>"; };
		303EBCC117AC665A00366466 /* copy_policy.hpp */ = {isa = PBXFileReference; fileEncoding = 4; lastKnownFileType = sourcecode.cpp.h; path = copy_policy.hpp; sourceTree = "<group>"; };
		303EBCC217AC665A00366466 /* dependency_policy.hpp */ = {isa = PBXFileReference; fileEncoding = 4; lastKnownFileType = sourcecode.cpp.h; path = dependency_policy.hpp; sourceTree = "<group>"; };
		303EBCC417AC665A00366466 /* call.hpp */ = {isa = PBXFileReference; fileEncoding = 4; lastKnownFileType = sourcecode.cpp.h; path = call.hpp; sourceTree = "<group>"; };
		303EBCC517AC665A00366466 /* call_0x.hpp */ = {isa = PBXFileReference; fileEncoding = 4; lastKnownFileType = sourcecode.cpp.h; path = call_0x.hpp; sourceTree = "<group>"; };
		303EBCC617AC665A00366466 /* call_function.hpp */ = {isa = PBXFileReference; fileEncoding = 4; lastKnownFileType = sourcecode.cpp.h; path = call_function.hpp; sourceTree = "<group>"; };
		303EBCC717AC665A00366466 /* call_member.hpp */ = {isa = PBXFileReference; fileEncoding = 4; lastKnownFileType = sourcecode.cpp.h; path = call_member.hpp; sourceTree = "<group>"; };
		303EBCC817AC665A00366466 /* call_operator_iterate.hpp */ = {isa = PBXFileReference; fileEncoding = 4; lastKnownFileType = sourcecode.cpp.h; path = call_operator_iterate.hpp; sourceTree = "<group>"; };
		303EBCC917AC665A00366466 /* class_registry.hpp */ = {isa = PBXFileReference; fileEncoding = 4; lastKnownFileType = sourcecode.cpp.h; path = class_registry.hpp; sourceTree = "<group>"; };
		303EBCCA17AC665A00366466 /* class_rep.hpp */ = {isa = PBXFileReference; fileEncoding = 4; lastKnownFileType = sourcecode.cpp.h; path = class_rep.hpp; sourceTree = "<group>"; };
		303EBCCB17AC665A00366466 /* constructor.hpp */ = {isa = PBXFileReference; fileEncoding = 4; lastKnownFileType = sourcecode.cpp.h; path = constructor.hpp; sourceTree = "<group>"; };
		303EBCCC17AC665A00366466 /* conversion_storage.hpp */ = {isa = PBXFileReference; fileEncoding = 4; lastKnownFileType = sourcecode.cpp.h; path = conversion_storage.hpp; sourceTree = "<group>"; };
		303EBCCD17AC665A00366466 /* convert_to_lua.hpp */ = {isa = PBXFileReference; fileEncoding = 4; lastKnownFileType = sourcecode.cpp.h; path = convert_to_lua.hpp; sourceTree = "<group>"; };
		303EBCCE17AC665A00366466 /* debug.hpp */ = {isa = PBXFileReference; fileEncoding = 4; lastKnownFileType = sourcecode.cpp.h; path = debug.hpp; sourceTree = "<group>"; };
		303EBCCF17AC665A00366466 /* decorate_type.hpp */ = {isa = PBXFileReference; fileEncoding = 4; lastKnownFileType = sourcecode.cpp.h; path = decorate_type.hpp; sourceTree = "<group>"; };
		303EBCD017AC665A00366466 /* deduce_signature.hpp */ = {isa = PBXFileReference; fileEncoding = 4; lastKnownFileType = sourcecode.cpp.h; path = deduce_signature.hpp; sourceTree = "<group>"; };
		303EBCD117AC665A00366466 /* enum_maker.hpp */ = {isa = PBXFileReference; fileEncoding = 4; lastKnownFileType = sourcecode.cpp.h; path = enum_maker.hpp; sourceTree = "<group>"; };
		303EBCD217AC665A00366466 /* format_signature.hpp */ = {isa = PBXFileReference; fileEncoding = 4; lastKnownFileType = sourcecode.cpp.h; path = format_signature.hpp; sourceTree = "<group>"; };
		303EBCD317AC665A00366466 /* garbage_collector.hpp */ = {isa = PBXFileReference; fileEncoding = 4; lastKnownFileType = sourcecode.cpp.h; path = garbage_collector.hpp; sourceTree = "<group>"; };
		303EBCD417AC665A00366466 /* has_get_pointer.hpp */ = {isa = PBXFileReference; fileEncoding = 4; lastKnownFileType = sourcecode.cpp.h; path = has_get_pointer.hpp; sourceTree = "<group>"; };
		303EBCD517AC665A00366466 /* inheritance.hpp */ = {isa = PBXFileReference; fileEncoding = 4; lastKnownFileType = sourcecode.cpp.h; path = inheritance.hpp; sourceTree = "<group>"; };
		303EBCD617AC665A00366466 /* instance_holder.hpp */ = {isa = PBXFileReference; fileEncoding = 4; lastKnownFileType = sourcecode.cpp.h; path = instance_holder.hpp; sourceTree = "<group>"; };
		303EBCD717AC665A00366466 /* link_compatibility.hpp */ = {isa = PBXFileReference; fileEncoding = 4; lastKnownFileType = sourcecode.cpp.h; path = link_compatibility.hpp; sourceTree = "<group>"; };
		303EBCD817AC665A00366466 /* make_instance.hpp */ = {isa = PBXFileReference; fileEncoding = 4; lastKnownFileType = sourcecode.cpp.h; path = make_instance.hpp; sourceTree = "<group>"; };
		303EBCD917AC665A00366466 /* most_derived.hpp */ = {isa = PBXFileReference; fileEncoding = 4; lastKnownFileType = sourcecode.cpp.h; path = most_derived.hpp; sourceTree = "<group>"; };
		303EBCDA17AC665A00366466 /* object_call.hpp */ = {isa = PBXFileReference; fileEncoding = 4; lastKnownFileType = sourcecode.cpp.h; path = object_call.hpp; sourceTree = "<group>"; };
		303EBCDB17AC665A00366466 /* object_rep.hpp */ = {isa = PBXFileReference; fileEncoding = 4; lastKnownFileType = sourcecode.cpp.h; path = object_rep.hpp; sourceTree = "<group>"; };
		303EBCDC17AC665A00366466 /* open.hpp */ = {isa = PBXFileReference; fileEncoding = 4; lastKnownFileType = sourcecode.cpp.h; path = open.hpp; sourceTree = "<group>"; };
		303EBCDD17AC665A00366466 /* operator_id.hpp */ = {isa = PBXFileReference; fileEncoding = 4; lastKnownFileType = sourcecode.cpp.h; path = operator_id.hpp; sourceTree = "<group>"; };
		303EBCDE17AC665A00366466 /* other.hpp */ = {isa = PBXFileReference; fileEncoding = 4; lastKnownFileType = sourcecode.cpp.h; path = other.hpp; sourceTree = "<group>"; };
		303EBCDF17AC665A00366466 /* pcall.hpp */ = {isa = PBXFileReference; fileEncoding = 4; lastKnownFileType = sourcecode.cpp.h; path = pcall.hpp; sourceTree = "<group>"; };
		303EBCE017AC665A00366466 /* pointee_sizeof.hpp */ = {isa = PBXFileReference; fileEncoding = 4; lastKnownFileType = sourcecode.cpp.h; path = pointee_sizeof.hpp; sourceTree = "<group>"; };
		303EBCE117AC665A00366466 /* pointee_typeid.hpp */ = {isa = PBXFileReference; fileEncoding = 4; lastKnownFileType = sourcecode.cpp.h; path = pointee_typeid.hpp; sourceTree = "<group>"; };
		303EBCE217AC665A00366466 /* policy.hpp */ = {isa = PBXFileReference; fileEncoding = 4; lastKnownFileType = sourcecode.cpp.h; path = policy.hpp; sourceTree = "<group>"; };
		303EBCE317AC665A00366466 /* primitives.hpp */ = {isa = PBXFileReference; fileEncoding = 4; lastKnownFileType = sourcecode.cpp.h; path = primitives.hpp; sourceTree = "<group>"; };
		303EBCE417AC665A00366466 /* property.hpp */ = {isa = PBXFileReference; fileEncoding = 4; lastKnownFileType = sourcecode.cpp.h; path = property.hpp; sourceTree = "<group>"; };
		303EBCE517AC665A00366466 /* ref.hpp */ = {isa = PBXFileReference; fileEncoding = 4; lastKnownFileType = sourcecode.cpp.h; path = ref.hpp; sourceTree = "<group>"; };
		303EBCE617AC665A00366466 /* signature_match.hpp */ = {isa = PBXFileReference; fileEncoding = 4; lastKnownFileType = sourcecode.cpp.h; path = signature_match.hpp; sourceTree = "<group>"; };
		303EBCE717AC665A00366466 /* stack_utils.hpp */ = {isa = PBXFileReference; fileEncoding = 4; lastKnownFileType = sourcecode.cpp.h; path = stack_utils.hpp; sourceTree = "<group>"; };
		303EBCE817AC665A00366466 /* typetraits.hpp */ = {isa = PBXFileReference; fileEncoding = 4; lastKnownFileType = sourcecode.cpp.h; path = typetraits.hpp; sourceTree = "<group>"; };
		303EBCE917AC665A00366466 /* yes_no.hpp */ = {isa = PBXFileReference; fileEncoding = 4; lastKnownFileType = sourcecode.cpp.h; path = yes_no.hpp; sourceTree = "<group>"; };
		303EBCEA17AC665A00366466 /* discard_result_policy.hpp */ = {isa = PBXFileReference; fileEncoding = 4; lastKnownFileType = sourcecode.cpp.h; path = discard_result_policy.hpp; sourceTree = "<group>"; };
		303EBCEB17AC665A00366466 /* error.hpp */ = {isa = PBXFileReference; fileEncoding = 4; lastKnownFileType = sourcecode.cpp.h; path = error.hpp; sourceTree = "<group>"; };
		303EBCEC17AC665A00366466 /* exception_handler.hpp */ = {isa = PBXFileReference; fileEncoding = 4; lastKnownFileType = sourcecode.cpp.h; path = exception_handler.hpp; sourceTree = "<group>"; };
		303EBCED17AC665A00366466 /* from_stack.hpp */ = {isa = PBXFileReference; fileEncoding = 4; lastKnownFileType = sourcecode.cpp.h; path = from_stack.hpp; sourceTree = "<group>"; };
		303EBCEE17AC665A00366466 /* function.hpp */ = {isa = PBXFileReference; fileEncoding = 4; lastKnownFileType = sourcecode.cpp.h; path = function.hpp; sourceTree = "<group>"; };
		303EBCEF17AC665A00366466 /* get_main_thread.hpp */ = {isa = PBXFileReference; fileEncoding = 4; lastKnownFileType = sourcecode.cpp.h; path = get_main_thread.hpp; sourceTree = "<group>"; };
		303EBCF017AC665A00366466 /* get_pointer.hpp */ = {isa = PBXFileReference; fileEncoding = 4; lastKnownFileType = sourcecode.cpp.h; path = get_pointer.hpp; sourceTree = "<group>"; };
		303EBCF117AC665A00366466 /* handle.hpp */ = {isa = PBXFileReference; fileEncoding = 4; lastKnownFileType = sourcecode.cpp.h; path = handle.hpp; sourceTree = "<group>"; };
		303EBCF217AC665A00366466 /* iterator_policy.hpp */ = {isa = PBXFileReference; fileEncoding = 4; lastKnownFileType = sourcecode.cpp.h; path = iterator_policy.hpp; sourceTree = "<group>"; };
		303EBCF317AC665A00366466 /* lua_include.hpp */ = {isa = PBXFileReference; fileEncoding = 4; lastKnownFileType = sourcecode.cpp.h; path = lua_include.hpp; sourceTree = "<group>"; };
		303EBCF417AC665A00366466 /* luabind.hpp */ = {isa = PBXFileReference; fileEncoding = 4; lastKnownFileType = sourcecode.cpp.h; path = luabind.hpp; sourceTree = "<group>"; };
		303EBCF517AC665A00366466 /* make_function.hpp */ = {isa = PBXFileReference; fileEncoding = 4; lastKnownFileType = sourcecode.cpp.h; path = make_function.hpp; sourceTree = "<group>"; };
		303EBCF617AC665A00366466 /* nil.hpp */ = {isa = PBXFileReference; fileEncoding = 4; lastKnownFileType = sourcecode.cpp.h; path = nil.hpp; sourceTree = "<group>"; };
		303EBCF717AC665A00366466 /* no_dependency.hpp */ = {isa = PBXFileReference; fileEncoding = 4; lastKnownFileType = sourcecode.cpp.h; path = no_dependency.hpp; sourceTree = "<group>"; };
		303EBCF817AC665A00366466 /* object.hpp */ = {isa = PBXFileReference; fileEncoding = 4; lastKnownFileType = sourcecode.cpp.h; path = object.hpp; sourceTree = "<group>"; };
		303EBCF917AC665A00366466 /* open.hpp */ = {isa = PBXFileReference; fileEncoding = 4; lastKnownFileType = sourcecode.cpp.h; path = open.hpp; sourceTree = "<group>"; };
		303EBCFA17AC665A00366466 /* operator.hpp */ = {isa = PBXFileReference; fileEncoding = 4; lastKnownFileType = sourcecode.cpp.h; path = operator.hpp; sourceTree = "<group>"; };
		303EBCFB17AC665A00366466 /* out_value_policy.hpp */ = {isa = PBXFileReference; fileEncoding = 4; lastKnownFileType = sourcecode.cpp.h; path = out_value_policy.hpp; sourceTree = "<group>"; };
		303EBCFC17AC665A00366466 /* prefix.hpp */ = {isa = PBXFileReference; fileEncoding = 4; lastKnownFileType = sourcecode.cpp.h; path = prefix.hpp; sourceTree = "<group>"; };
		303EBCFD17AC665A00366466 /* raw_policy.hpp */ = {isa = PBXFileReference; fileEncoding = 4; lastKnownFileType = sourcecode.cpp.h; path = raw_policy.hpp; sourceTree = "<group>"; };
		303EBCFE17AC665A00366466 /* return_reference_to_policy.hpp */ = {isa = PBXFileReference; fileEncoding = 4; lastKnownFileType = sourcecode.cpp.h; path = return_reference_to_policy.hpp; sourceTree = "<group>"; };
		303EBCFF17AC665A00366466 /* scope.hpp */ = {isa = PBXFileReference; fileEncoding = 4; lastKnownFileType = sourcecode.cpp.h; path = scope.hpp; sourceTree = "<group>"; };
		303EBD0017AC665A00366466 /* shared_ptr_converter.hpp */ = {isa = PBXFileReference; fileEncoding = 4; lastKnownFileType = sourcecode.cpp.h; path = shared_ptr_converter.hpp; sourceTree = "<group>"; };
		303EBD0117AC665A00366466 /* tag_function.hpp */ = {isa = PBXFileReference; fileEncoding = 4; lastKnownFileType = sourcecode.cpp.h; path = tag_function.hpp; sourceTree = "<group>"; };
		303EBD0217AC665A00366466 /* typeid.hpp */ = {isa = PBXFileReference; fileEncoding = 4; lastKnownFileType = sourcecode.cpp.h; path = typeid.hpp; sourceTree = "<group>"; };
		303EBD0317AC665A00366466 /* value_wrapper.hpp */ = {isa = PBXFileReference; fileEncoding = 4; lastKnownFileType = sourcecode.cpp.h; path = value_wrapper.hpp; sourceTree = "<group>"; };
		303EBD0417AC665A00366466 /* vector.hpp */ = {isa = PBXFileReference; fileEncoding = 4; lastKnownFileType = sourcecode.cpp.h; path = vector.hpp; sourceTree = "<group>"; };
		303EBD0517AC665A00366466 /* version.hpp */ = {isa = PBXFileReference; fileEncoding = 4; lastKnownFileType = sourcecode.cpp.h; path = version.hpp; sourceTree = "<group>"; };
		303EBD0617AC665A00366466 /* weak_ref.hpp */ = {isa = PBXFileReference; fileEncoding = 4; lastKnownFileType = sourcecode.cpp.h; path = weak_ref.hpp; sourceTree = "<group>"; };
		303EBD0717AC665A00366466 /* wrapper_base.hpp */ = {isa = PBXFileReference; fileEncoding = 4; lastKnownFileType = sourcecode.cpp.h; path = wrapper_base.hpp; sourceTree = "<group>"; };
		303EBD0817AC665A00366466 /* yield_policy.hpp */ = {isa = PBXFileReference; fileEncoding = 4; lastKnownFileType = sourcecode.cpp.h; path = yield_policy.hpp; sourceTree = "<group>"; };
		303EBD0A17AC665A00366466 /* class.cpp */ = {isa = PBXFileReference; fileEncoding = 4; lastKnownFileType = sourcecode.cpp.cpp; path = class.cpp; sourceTree = "<group>"; };
		303EBD0B17AC665A00366466 /* class_info.cpp */ = {isa = PBXFileReference; fileEncoding = 4; lastKnownFileType = sourcecode.cpp.cpp; path = class_info.cpp; sourceTree = "<group>"; };
		303EBD0C17AC665A00366466 /* class_registry.cpp */ = {isa = PBXFileReference; fileEncoding = 4; lastKnownFileType = sourcecode.cpp.cpp; path = class_registry.cpp; sourceTree = "<group>"; };
		303EBD0D17AC665A00366466 /* class_rep.cpp */ = {isa = PBXFileReference; fileEncoding = 4; lastKnownFileType = sourcecode.cpp.cpp; path = class_rep.cpp; sourceTree = "<group>"; };
		303EBD0E17AC665A00366466 /* create_class.cpp */ = {isa = PBXFileReference; fileEncoding = 4; lastKnownFileType = sourcecode.cpp.cpp; path = create_class.cpp; sourceTree = "<group>"; };
		303EBD0F17AC665A00366466 /* error.cpp */ = {isa = PBXFileReference; fileEncoding = 4; lastKnownFileType = sourcecode.cpp.cpp; path = error.cpp; sourceTree = "<group>"; };
		303EBD1017AC665A00366466 /* exception_handler.cpp */ = {isa = PBXFileReference; fileEncoding = 4; lastKnownFileType = sourcecode.cpp.cpp; path = exception_handler.cpp; sourceTree = "<group>"; };
		303EBD1117AC665A00366466 /* function.cpp */ = {isa = PBXFileReference; fileEncoding = 4; lastKnownFileType = sourcecode.cpp.cpp; path = function.cpp; sourceTree = "<group>"; };
		303EBD1217AC665A00366466 /* inheritance.cpp */ = {isa = PBXFileReference; fileEncoding = 4; lastKnownFileType = sourcecode.cpp.cpp; path = inheritance.cpp; sourceTree = "<group>"; };
		303EBD1317AC665A00366466 /* link_compatibility.cpp */ = {isa = PBXFileReference; fileEncoding = 4; lastKnownFileType = sourcecode.cpp.cpp; path = link_compatibility.cpp; sourceTree = "<group>"; };
		303EBD1417AC665A00366466 /* object_rep.cpp */ = {isa = PBXFileReference; fileEncoding = 4; lastKnownFileType = sourcecode.cpp.cpp; path = object_rep.cpp; sourceTree = "<group>"; };
		303EBD1517AC665A00366466 /* open.cpp */ = {isa = PBXFileReference; fileEncoding = 4; lastKnownFileType = sourcecode.cpp.cpp; path = open.cpp; sourceTree = "<group>"; };
		303EBD1617AC665A00366466 /* pcall.cpp */ = {isa = PBXFileReference; fileEncoding = 4; lastKnownFileType = sourcecode.cpp.cpp; path = pcall.cpp; sourceTree = "<group>"; };
		303EBD1717AC665A00366466 /* scope.cpp */ = {isa = PBXFileReference; fileEncoding = 4; lastKnownFileType = sourcecode.cpp.cpp; path = scope.cpp; sourceTree = "<group>"; };
		303EBD1817AC665A00366466 /* stack_content_by_name.cpp */ = {isa = PBXFileReference; fileEncoding = 4; lastKnownFileType = sourcecode.cpp.cpp; path = stack_content_by_name.cpp; sourceTree = "<group>"; };
		303EBD1917AC665A00366466 /* weak_ref.cpp */ = {isa = PBXFileReference; fileEncoding = 4; lastKnownFileType = sourcecode.cpp.cpp; path = weak_ref.cpp; sourceTree = "<group>"; };
		303EBD1A17AC665A00366466 /* wrapper_base.cpp */ = {isa = PBXFileReference; fileEncoding = 4; lastKnownFileType = sourcecode.cpp.cpp; path = wrapper_base.cpp; sourceTree = "<group>"; };
/* End PBXFileReference section */

/* Begin PBXFrameworksBuildPhase section */
		302C278B142B0F6A0048A778 /* Frameworks */ = {
			isa = PBXFrameworksBuildPhase;
			buildActionMask = 2147483647;
			files = (
				302C28DF142B11AA0048A778 /* liblua.a in Frameworks */,
			);
			runOnlyForDeploymentPostprocessing = 0;
		};
		302C2799142B0F8F0048A778 /* Frameworks */ = {
			isa = PBXFrameworksBuildPhase;
			buildActionMask = 2147483647;
			files = (
			);
			runOnlyForDeploymentPostprocessing = 0;
		};
/* End PBXFrameworksBuildPhase section */

/* Begin PBXGroup section */
		302C2783142B0F6A0048A778 = {
			isa = PBXGroup;
			children = (
				303EBCB717AC665A00366466 /* luabind */,
				303EBC4817AC665200366466 /* lua */,
				302C278F142B0F6A0048A778 /* Products */,
			);
			sourceTree = "<group>";
		};
		302C278F142B0F6A0048A778 /* Products */ = {
			isa = PBXGroup;
			children = (
				302C278E142B0F6A0048A778 /* libluabind.a */,
				302C279C142B0F8F0048A778 /* liblua.a */,
			);
			name = Products;
			sourceTree = "<group>";
		};
		303EBC4817AC665200366466 /* lua */ = {
			isa = PBXGroup;
			children = (
				303EBC4917AC665200366466 /* lua */,
			);
			path = lua;
			sourceTree = "<group>";
		};
		303EBC4917AC665200366466 /* lua */ = {
			isa = PBXGroup;
			children = (
				303EBC4A17AC665200366466 /* COPYRIGHT */,
				303EBC4B17AC665200366466 /* lapi.c */,
				303EBC4C17AC665200366466 /* lapi.h */,
				303EBC4D17AC665200366466 /* lauxlib.c */,
				303EBC4E17AC665200366466 /* lauxlib.h */,
				303EBC4F17AC665200366466 /* lbaselib.c */,
				303EBC5017AC665200366466 /* lcode.c */,
				303EBC5117AC665200366466 /* lcode.h */,
				303EBC5217AC665200366466 /* ldblib.c */,
				303EBC5317AC665200366466 /* ldebug.c */,
				303EBC5417AC665200366466 /* ldebug.h */,
				303EBC5517AC665200366466 /* ldo.c */,
				303EBC5617AC665200366466 /* ldo.h */,
				303EBC5717AC665200366466 /* ldump.c */,
				303EBC5817AC665200366466 /* lfunc.c */,
				303EBC5917AC665200366466 /* lfunc.h */,
				303EBC5A17AC665200366466 /* lgc.c */,
				303EBC5B17AC665200366466 /* lgc.h */,
				303EBC5C17AC665200366466 /* linit.c */,
				303EBC5D17AC665200366466 /* liolib.c */,
				303EBC5E17AC665200366466 /* llex.c */,
				303EBC5F17AC665200366466 /* llex.h */,
				303EBC6017AC665200366466 /* llimits.h */,
				303EBC6117AC665200366466 /* lmathlib.c */,
				303EBC6217AC665200366466 /* lmem.c */,
				303EBC6317AC665200366466 /* lmem.h */,
				303EBC6417AC665200366466 /* loadlib.c */,
				303EBC6517AC665200366466 /* lobject.c */,
				303EBC6617AC665200366466 /* lobject.h */,
				303EBC6717AC665200366466 /* lopcodes.c */,
				303EBC6817AC665200366466 /* lopcodes.h */,
				303EBC6917AC665200366466 /* loslib.c */,
				303EBC6A17AC665200366466 /* lparser.c */,
				303EBC6B17AC665200366466 /* lparser.h */,
				303EBC6C17AC665200366466 /* lstate.c */,
				303EBC6D17AC665200366466 /* lstate.h */,
				303EBC6E17AC665200366466 /* lstring.c */,
				303EBC6F17AC665200366466 /* lstring.h */,
				303EBC7017AC665200366466 /* lstrlib.c */,
				303EBC7117AC665200366466 /* ltable.c */,
				303EBC7217AC665200366466 /* ltable.h */,
				303EBC7317AC665200366466 /* ltablib.c */,
				303EBC7417AC665200366466 /* ltm.c */,
				303EBC7517AC665200366466 /* ltm.h */,
				303EBC7617AC665200366466 /* lua.h */,
				303EBC7717AC665200366466 /* lua.hpp */,
				303EBC7817AC665200366466 /* luaconf.h */,
				303EBC7917AC665200366466 /* lualib.h */,
				303EBC7A17AC665200366466 /* lundump.c */,
				303EBC7B17AC665200366466 /* lundump.h */,
				303EBC7C17AC665200366466 /* lvm.c */,
				303EBC7D17AC665200366466 /* lvm.h */,
				303EBC7E17AC665200366466 /* lzio.c */,
				303EBC7F17AC665200366466 /* lzio.h */,
				303EBC8017AC665200366466 /* print.c */,
			);
			path = lua;
			sourceTree = "<group>";
		};
		303EBCB717AC665A00366466 /* luabind */ = {
			isa = PBXGroup;
			children = (
				303EBCB817AC665A00366466 /* LICENSE */,
				303EBCB917AC665A00366466 /* luabind */,
				303EBD0917AC665A00366466 /* src */,
			);
			path = luabind;
			sourceTree = "<group>";
		};
		303EBCB917AC665A00366466 /* luabind */ = {
			isa = PBXGroup;
			children = (
				303EBCBA17AC665A00366466 /* adopt_policy.hpp */,
				303EBCBB17AC665A00366466 /* back_reference.hpp */,
				303EBCBC17AC665A00366466 /* back_reference_fwd.hpp */,
				303EBCBD17AC665A00366466 /* class.hpp */,
				303EBCBE17AC665A00366466 /* class_info.hpp */,
				303EBCBF17AC665A00366466 /* config.hpp */,
				303EBCC017AC665A00366466 /* container_policy.hpp */,
				303EBCC117AC665A00366466 /* copy_policy.hpp */,
				303EBCC217AC665A00366466 /* dependency_policy.hpp */,
				303EBCC317AC665A00366466 /* detail */,
				303EBCEA17AC665A00366466 /* discard_result_policy.hpp */,
				303EBCEB17AC665A00366466 /* error.hpp */,
				303EBCEC17AC665A00366466 /* exception_handler.hpp */,
				303EBCED17AC665A00366466 /* from_stack.hpp */,
				303EBCEE17AC665A00366466 /* function.hpp */,
				303EBCEF17AC665A00366466 /* get_main_thread.hpp */,
				303EBCF017AC665A00366466 /* get_pointer.hpp */,
				303EBCF117AC665A00366466 /* handle.hpp */,
				303EBCF217AC665A00366466 /* iterator_policy.hpp */,
				303EBCF317AC665A00366466 /* lua_include.hpp */,
				303EBCF417AC665A00366466 /* luabind.hpp */,
				303EBCF517AC665A00366466 /* make_function.hpp */,
				303EBCF617AC665A00366466 /* nil.hpp */,
				303EBCF717AC665A00366466 /* no_dependency.hpp */,
				303EBCF817AC665A00366466 /* object.hpp */,
				303EBCF917AC665A00366466 /* open.hpp */,
				303EBCFA17AC665A00366466 /* operator.hpp */,
				303EBCFB17AC665A00366466 /* out_value_policy.hpp */,
				303EBCFC17AC665A00366466 /* prefix.hpp */,
				303EBCFD17AC665A00366466 /* raw_policy.hpp */,
				303EBCFE17AC665A00366466 /* return_reference_to_policy.hpp */,
				303EBCFF17AC665A00366466 /* scope.hpp */,
				303EBD0017AC665A00366466 /* shared_ptr_converter.hpp */,
				303EBD0117AC665A00366466 /* tag_function.hpp */,
				303EBD0217AC665A00366466 /* typeid.hpp */,
				303EBD0317AC665A00366466 /* value_wrapper.hpp */,
				303EBD0417AC665A00366466 /* vector.hpp */,
				303EBD0517AC665A00366466 /* version.hpp */,
				303EBD0617AC665A00366466 /* weak_ref.hpp */,
				303EBD0717AC665A00366466 /* wrapper_base.hpp */,
				303EBD0817AC665A00366466 /* yield_policy.hpp */,
			);
			path = luabind;
			sourceTree = "<group>";
		};
		303EBCC317AC665A00366466 /* detail */ = {
			isa = PBXGroup;
			children = (
				303EBCC417AC665A00366466 /* call.hpp */,
				303EBCC517AC665A00366466 /* call_0x.hpp */,
				303EBCC617AC665A00366466 /* call_function.hpp */,
				303EBCC717AC665A00366466 /* call_member.hpp */,
				303EBCC817AC665A00366466 /* call_operator_iterate.hpp */,
				303EBCC917AC665A00366466 /* class_registry.hpp */,
				303EBCCA17AC665A00366466 /* class_rep.hpp */,
				303EBCCB17AC665A00366466 /* constructor.hpp */,
				303EBCCC17AC665A00366466 /* conversion_storage.hpp */,
				303EBCCD17AC665A00366466 /* convert_to_lua.hpp */,
				303EBCCE17AC665A00366466 /* debug.hpp */,
				303EBCCF17AC665A00366466 /* decorate_type.hpp */,
				303EBCD017AC665A00366466 /* deduce_signature.hpp */,
				303EBCD117AC665A00366466 /* enum_maker.hpp */,
				303EBCD217AC665A00366466 /* format_signature.hpp */,
				303EBCD317AC665A00366466 /* garbage_collector.hpp */,
				303EBCD417AC665A00366466 /* has_get_pointer.hpp */,
				303EBCD517AC665A00366466 /* inheritance.hpp */,
				303EBCD617AC665A00366466 /* instance_holder.hpp */,
				303EBCD717AC665A00366466 /* link_compatibility.hpp */,
				303EBCD817AC665A00366466 /* make_instance.hpp */,
				303EBCD917AC665A00366466 /* most_derived.hpp */,
				303EBCDA17AC665A00366466 /* object_call.hpp */,
				303EBCDB17AC665A00366466 /* object_rep.hpp */,
				303EBCDC17AC665A00366466 /* open.hpp */,
				303EBCDD17AC665A00366466 /* operator_id.hpp */,
				303EBCDE17AC665A00366466 /* other.hpp */,
				303EBCDF17AC665A00366466 /* pcall.hpp */,
				303EBCE017AC665A00366466 /* pointee_sizeof.hpp */,
				303EBCE117AC665A00366466 /* pointee_typeid.hpp */,
				303EBCE217AC665A00366466 /* policy.hpp */,
				303EBCE317AC665A00366466 /* primitives.hpp */,
				303EBCE417AC665A00366466 /* property.hpp */,
				303EBCE517AC665A00366466 /* ref.hpp */,
				303EBCE617AC665A00366466 /* signature_match.hpp */,
				303EBCE717AC665A00366466 /* stack_utils.hpp */,
				303EBCE817AC665A00366466 /* typetraits.hpp */,
				303EBCE917AC665A00366466 /* yes_no.hpp */,
			);
			path = detail;
			sourceTree = "<group>";
		};
		303EBD0917AC665A00366466 /* src */ = {
			isa = PBXGroup;
			children = (
				303EBD0A17AC665A00366466 /* class.cpp */,
				303EBD0B17AC665A00366466 /* class_info.cpp */,
				303EBD0C17AC665A00366466 /* class_registry.cpp */,
				303EBD0D17AC665A00366466 /* class_rep.cpp */,
				303EBD0E17AC665A00366466 /* create_class.cpp */,
				303EBD0F17AC665A00366466 /* error.cpp */,
				303EBD1017AC665A00366466 /* exception_handler.cpp */,
				303EBD1117AC665A00366466 /* function.cpp */,
				303EBD1217AC665A00366466 /* inheritance.cpp */,
				303EBD1317AC665A00366466 /* link_compatibility.cpp */,
				303EBD1417AC665A00366466 /* object_rep.cpp */,
				303EBD1517AC665A00366466 /* open.cpp */,
				303EBD1617AC665A00366466 /* pcall.cpp */,
				303EBD1717AC665A00366466 /* scope.cpp */,
				303EBD1817AC665A00366466 /* stack_content_by_name.cpp */,
				303EBD1917AC665A00366466 /* weak_ref.cpp */,
				303EBD1A17AC665A00366466 /* wrapper_base.cpp */,
			);
			path = src;
			sourceTree = "<group>";
		};
/* End PBXGroup section */

/* Begin PBXHeadersBuildPhase section */
		302C278C142B0F6A0048A778 /* Headers */ = {
			isa = PBXHeadersBuildPhase;
			buildActionMask = 2147483647;
			files = (
				303EBD1B17AC665A00366466 /* adopt_policy.hpp in Headers */,
				303EBD1C17AC665A00366466 /* back_reference.hpp in Headers */,
				303EBD1D17AC665A00366466 /* back_reference_fwd.hpp in Headers */,
				303EBD1E17AC665A00366466 /* class.hpp in Headers */,
				303EBD1F17AC665A00366466 /* class_info.hpp in Headers */,
				303EBD2017AC665A00366466 /* config.hpp in Headers */,
				303EBD2117AC665A00366466 /* container_policy.hpp in Headers */,
				303EBD2217AC665A00366466 /* copy_policy.hpp in Headers */,
				303EBD2317AC665A00366466 /* dependency_policy.hpp in Headers */,
				303EBD2417AC665A00366466 /* call.hpp in Headers */,
				303EBD2517AC665A00366466 /* call_0x.hpp in Headers */,
				303EBD2617AC665A00366466 /* call_function.hpp in Headers */,
				303EBD2717AC665A00366466 /* call_member.hpp in Headers */,
				303EBD2817AC665A00366466 /* call_operator_iterate.hpp in Headers */,
				303EBD2917AC665A00366466 /* class_registry.hpp in Headers */,
				303EBD2A17AC665A00366466 /* class_rep.hpp in Headers */,
				303EBD2B17AC665A00366466 /* constructor.hpp in Headers */,
				303EBD2C17AC665A00366466 /* conversion_storage.hpp in Headers */,
				303EBD2D17AC665A00366466 /* convert_to_lua.hpp in Headers */,
				303EBD2E17AC665A00366466 /* debug.hpp in Headers */,
				303EBD2F17AC665A00366466 /* decorate_type.hpp in Headers */,
				303EBD3017AC665A00366466 /* deduce_signature.hpp in Headers */,
				303EBD3117AC665A00366466 /* enum_maker.hpp in Headers */,
				303EBD3217AC665A00366466 /* format_signature.hpp in Headers */,
				303EBD3317AC665A00366466 /* garbage_collector.hpp in Headers */,
				303EBD3417AC665A00366466 /* has_get_pointer.hpp in Headers */,
				303EBD3517AC665A00366466 /* inheritance.hpp in Headers */,
				303EBD3617AC665A00366466 /* instance_holder.hpp in Headers */,
				303EBD3717AC665A00366466 /* link_compatibility.hpp in Headers */,
				303EBD3817AC665A00366466 /* make_instance.hpp in Headers */,
				303EBD3917AC665A00366466 /* most_derived.hpp in Headers */,
				303EBD3A17AC665A00366466 /* object_call.hpp in Headers */,
				303EBD3B17AC665A00366466 /* object_rep.hpp in Headers */,
				303EBD3C17AC665A00366466 /* open.hpp in Headers */,
				303EBD3D17AC665A00366466 /* operator_id.hpp in Headers */,
				303EBD3E17AC665A00366466 /* other.hpp in Headers */,
				303EBD3F17AC665A00366466 /* pcall.hpp in Headers */,
				303EBD4017AC665A00366466 /* pointee_sizeof.hpp in Headers */,
				303EBD4117AC665A00366466 /* pointee_typeid.hpp in Headers */,
				303EBD4217AC665A00366466 /* policy.hpp in Headers */,
				303EBD4317AC665A00366466 /* primitives.hpp in Headers */,
				303EBD4417AC665A00366466 /* property.hpp in Headers */,
				303EBD4517AC665A00366466 /* ref.hpp in Headers */,
				303EBD4617AC665A00366466 /* signature_match.hpp in Headers */,
				303EBD4717AC665A00366466 /* stack_utils.hpp in Headers */,
				303EBD4817AC665A00366466 /* typetraits.hpp in Headers */,
				303EBD4917AC665A00366466 /* yes_no.hpp in Headers */,
				303EBD4A17AC665A00366466 /* discard_result_policy.hpp in Headers */,
				303EBD4B17AC665A00366466 /* error.hpp in Headers */,
				303EBD4C17AC665A00366466 /* exception_handler.hpp in Headers */,
				303EBD4D17AC665A00366466 /* from_stack.hpp in Headers */,
				303EBD4E17AC665A00366466 /* function.hpp in Headers */,
				303EBD4F17AC665A00366466 /* get_main_thread.hpp in Headers */,
				303EBD5017AC665A00366466 /* get_pointer.hpp in Headers */,
				303EBD5117AC665A00366466 /* handle.hpp in Headers */,
				303EBD5217AC665A00366466 /* iterator_policy.hpp in Headers */,
				303EBD5317AC665A00366466 /* lua_include.hpp in Headers */,
				303EBD5417AC665A00366466 /* luabind.hpp in Headers */,
				303EBD5517AC665A00366466 /* make_function.hpp in Headers */,
				303EBD5617AC665A00366466 /* nil.hpp in Headers */,
				303EBD5717AC665A00366466 /* no_dependency.hpp in Headers */,
				303EBD5817AC665A00366466 /* object.hpp in Headers */,
				303EBD5917AC665A00366466 /* open.hpp in Headers */,
				303EBD5A17AC665A00366466 /* operator.hpp in Headers */,
				303EBD5B17AC665A00366466 /* out_value_policy.hpp in Headers */,
				303EBD5C17AC665A00366466 /* prefix.hpp in Headers */,
				303EBD5D17AC665A00366466 /* raw_policy.hpp in Headers */,
				303EBD5E17AC665A00366466 /* return_reference_to_policy.hpp in Headers */,
				303EBD5F17AC665A00366466 /* scope.hpp in Headers */,
				303EBD6017AC665A00366466 /* shared_ptr_converter.hpp in Headers */,
				303EBD6117AC665A00366466 /* tag_function.hpp in Headers */,
				303EBD6217AC665A00366466 /* typeid.hpp in Headers */,
				303EBD6317AC665A00366466 /* value_wrapper.hpp in Headers */,
				303EBD6417AC665A00366466 /* vector.hpp in Headers */,
				303EBD6517AC665A00366466 /* version.hpp in Headers */,
				303EBD6617AC665A00366466 /* weak_ref.hpp in Headers */,
				303EBD6717AC665A00366466 /* wrapper_base.hpp in Headers */,
				303EBD6817AC665A00366466 /* yield_policy.hpp in Headers */,
			);
			runOnlyForDeploymentPostprocessing = 0;
		};
		302C279A142B0F8F0048A778 /* Headers */ = {
			isa = PBXHeadersBuildPhase;
			buildActionMask = 2147483647;
			files = (
				303EBC8217AC665200366466 /* lapi.h in Headers */,
				303EBC8417AC665200366466 /* lauxlib.h in Headers */,
				303EBC8717AC665200366466 /* lcode.h in Headers */,
				303EBC8A17AC665200366466 /* ldebug.h in Headers */,
				303EBC8C17AC665200366466 /* ldo.h in Headers */,
				303EBC8F17AC665200366466 /* lfunc.h in Headers */,
				303EBC9117AC665200366466 /* lgc.h in Headers */,
				303EBC9517AC665200366466 /* llex.h in Headers */,
				303EBC9617AC665200366466 /* llimits.h in Headers */,
				303EBC9917AC665200366466 /* lmem.h in Headers */,
				303EBC9C17AC665200366466 /* lobject.h in Headers */,
				303EBC9E17AC665200366466 /* lopcodes.h in Headers */,
				303EBCA117AC665200366466 /* lparser.h in Headers */,
				303EBCA317AC665200366466 /* lstate.h in Headers */,
				303EBCA517AC665200366466 /* lstring.h in Headers */,
				303EBCA817AC665200366466 /* ltable.h in Headers */,
				303EBCAB17AC665200366466 /* ltm.h in Headers */,
				303EBCAC17AC665200366466 /* lua.h in Headers */,
				303EBCAD17AC665200366466 /* lua.hpp in Headers */,
				303EBCAE17AC665200366466 /* luaconf.h in Headers */,
				303EBCAF17AC665200366466 /* lualib.h in Headers */,
				303EBCB117AC665200366466 /* lundump.h in Headers */,
				303EBCB317AC665200366466 /* lvm.h in Headers */,
				303EBCB517AC665200366466 /* lzio.h in Headers */,
			);
			runOnlyForDeploymentPostprocessing = 0;
		};
/* End PBXHeadersBuildPhase section */

/* Begin PBXNativeTarget section */
		302C278D142B0F6A0048A778 /* luabind */ = {
			isa = PBXNativeTarget;
			buildConfigurationList = 302C2792142B0F6A0048A778 /* Build configuration list for PBXNativeTarget "luabind" */;
			buildPhases = (
				302C278A142B0F6A0048A778 /* Sources */,
				302C278B142B0F6A0048A778 /* Frameworks */,
				302C278C142B0F6A0048A778 /* Headers */,
			);
			buildRules = (
			);
			dependencies = (
				302C27A2142B0F9A0048A778 /* PBXTargetDependency */,
			);
			name = luabind;
			productName = luabind;
			productReference = 302C278E142B0F6A0048A778 /* libluabind.a */;
			productType = "com.apple.product-type.library.static";
		};
		302C279B142B0F8F0048A778 /* lua */ = {
			isa = PBXNativeTarget;
			buildConfigurationList = 302C279F142B0F8F0048A778 /* Build configuration list for PBXNativeTarget "lua" */;
			buildPhases = (
				302C2798142B0F8F0048A778 /* Sources */,
				302C2799142B0F8F0048A778 /* Frameworks */,
				302C279A142B0F8F0048A778 /* Headers */,
			);
			buildRules = (
			);
			dependencies = (
			);
			name = lua;
			productName = lua;
			productReference = 302C279C142B0F8F0048A778 /* liblua.a */;
			productType = "com.apple.product-type.library.static";
		};
/* End PBXNativeTarget section */

/* Begin PBXProject section */
		302C2785142B0F6A0048A778 /* Project object */ = {
			isa = PBXProject;
			attributes = {
				LastUpgradeCheck = 0420;
			};
			buildConfigurationList = 302C2788142B0F6A0048A778 /* Build configuration list for PBXProject "luabind" */;
			compatibilityVersion = "Xcode 3.2";
			developmentRegion = English;
			hasScannedForEncodings = 0;
			knownRegions = (
				en,
			);
			mainGroup = 302C2783142B0F6A0048A778;
			productRefGroup = 302C278F142B0F6A0048A778 /* Products */;
			projectDirPath = "";
			projectRoot = "";
			targets = (
				302C279B142B0F8F0048A778 /* lua */,
				302C278D142B0F6A0048A778 /* luabind */,
			);
		};
/* End PBXProject section */

/* Begin PBXSourcesBuildPhase section */
		302C278A142B0F6A0048A778 /* Sources */ = {
			isa = PBXSourcesBuildPhase;
			buildActionMask = 2147483647;
			files = (
				303EBD6917AC665A00366466 /* class.cpp in Sources */,
				303EBD6A17AC665A00366466 /* class_info.cpp in Sources */,
				303EBD6B17AC665A00366466 /* class_registry.cpp in Sources */,
				303EBD6C17AC665A00366466 /* class_rep.cpp in Sources */,
				303EBD6D17AC665A00366466 /* create_class.cpp in Sources */,
				303EBD6E17AC665A00366466 /* error.cpp in Sources */,
				303EBD6F17AC665A00366466 /* exception_handler.cpp in Sources */,
				303EBD7017AC665A00366466 /* function.cpp in Sources */,
				303EBD7117AC665A00366466 /* inheritance.cpp in Sources */,
				303EBD7217AC665A00366466 /* link_compatibility.cpp in Sources */,
				303EBD7317AC665A00366466 /* object_rep.cpp in Sources */,
				303EBD7417AC665A00366466 /* open.cpp in Sources */,
				303EBD7517AC665A00366466 /* pcall.cpp in Sources */,
				303EBD7617AC665A00366466 /* scope.cpp in Sources */,
				303EBD7717AC665A00366466 /* stack_content_by_name.cpp in Sources */,
				303EBD7817AC665A00366466 /* weak_ref.cpp in Sources */,
				303EBD7917AC665A00366466 /* wrapper_base.cpp in Sources */,
			);
			runOnlyForDeploymentPostprocessing = 0;
		};
		302C2798142B0F8F0048A778 /* Sources */ = {
			isa = PBXSourcesBuildPhase;
			buildActionMask = 2147483647;
			files = (
				303EBC8117AC665200366466 /* lapi.c in Sources */,
				303EBC8317AC665200366466 /* lauxlib.c in Sources */,
				303EBC8517AC665200366466 /* lbaselib.c in Sources */,
				303EBC8617AC665200366466 /* lcode.c in Sources */,
				303EBC8817AC665200366466 /* ldblib.c in Sources */,
				303EBC8917AC665200366466 /* ldebug.c in Sources */,
				303EBC8B17AC665200366466 /* ldo.c in Sources */,
				303EBC8D17AC665200366466 /* ldump.c in Sources */,
				303EBC8E17AC665200366466 /* lfunc.c in Sources */,
				303EBC9017AC665200366466 /* lgc.c in Sources */,
				303EBC9217AC665200366466 /* linit.c in Sources */,
				303EBC9317AC665200366466 /* liolib.c in Sources */,
				303EBC9417AC665200366466 /* llex.c in Sources */,
				303EBC9717AC665200366466 /* lmathlib.c in Sources */,
				303EBC9817AC665200366466 /* lmem.c in Sources */,
				303EBC9A17AC665200366466 /* loadlib.c in Sources */,
				303EBC9B17AC665200366466 /* lobject.c in Sources */,
				303EBC9D17AC665200366466 /* lopcodes.c in Sources */,
				303EBC9F17AC665200366466 /* loslib.c in Sources */,
				303EBCA017AC665200366466 /* lparser.c in Sources */,
				303EBCA217AC665200366466 /* lstate.c in Sources */,
				303EBCA417AC665200366466 /* lstring.c in Sources */,
				303EBCA617AC665200366466 /* lstrlib.c in Sources */,
				303EBCA717AC665200366466 /* ltable.c in Sources */,
				303EBCA917AC665200366466 /* ltablib.c in Sources */,
				303EBCAA17AC665200366466 /* ltm.c in Sources */,
				303EBCB017AC665200366466 /* lundump.c in Sources */,
				303EBCB217AC665200366466 /* lvm.c in Sources */,
				303EBCB417AC665200366466 /* lzio.c in Sources */,
				303EBCB617AC665200366466 /* print.c in Sources */,
			);
			runOnlyForDeploymentPostprocessing = 0;
		};
/* End PBXSourcesBuildPhase section */

/* Begin PBXTargetDependency section */
		302C27A2142B0F9A0048A778 /* PBXTargetDependency */ = {
			isa = PBXTargetDependency;
			target = 302C279B142B0F8F0048A778 /* lua */;
			targetProxy = 302C27A1142B0F9A0048A778 /* PBXContainerItemProxy */;
		};
/* End PBXTargetDependency section */

/* Begin XCBuildConfiguration section */
		302C2790142B0F6A0048A778 /* Debug */ = {
			isa = XCBuildConfiguration;
			buildSettings = {
				ALWAYS_SEARCH_USER_PATHS = NO;
				ARCHS = "$(ARCHS_STANDARD_32_64_BIT)";
				CONFIGURATION_BUILD_DIR = "$(SRCROOT)";
				COPY_PHASE_STRIP = NO;
				GCC_C_LANGUAGE_STANDARD = "compiler-default";
				GCC_DYNAMIC_NO_PIC = NO;
				GCC_ENABLE_OBJC_EXCEPTIONS = YES;
				GCC_OPTIMIZATION_LEVEL = 0;
				GCC_PREPROCESSOR_DEFINITIONS = (
					"DEBUG=1",
					"$(inherited)",
				);
				GCC_SYMBOLS_PRIVATE_EXTERN = NO;
				GCC_VERSION = "";
				GCC_WARN_64_TO_32_BIT_CONVERSION = YES;
				GCC_WARN_ABOUT_MISSING_PROTOTYPES = YES;
				GCC_WARN_ABOUT_RETURN_TYPE = YES;
				GCC_WARN_UNUSED_VARIABLE = YES;
				HEADER_SEARCH_PATHS = ./luabind;
				MACOSX_DEPLOYMENT_TARGET = 10.7;
				ONLY_ACTIVE_ARCH = YES;
				OTHER_CFLAGS = "";
				OTHER_CPLUSPLUSFLAGS = (
					"-D__MACOSX_CORE__",
					"-lpthread",
				);
				SDKROOT = macosx;
				USER_HEADER_SEARCH_PATHS = ./luabind;
			};
			name = Debug;
		};
		302C2791142B0F6A0048A778 /* Release */ = {
			isa = XCBuildConfiguration;
			buildSettings = {
				ALWAYS_SEARCH_USER_PATHS = NO;
				ARCHS = "$(ARCHS_STANDARD_32_64_BIT)";
				CONFIGURATION_BUILD_DIR = "$(SRCROOT)";
				COPY_PHASE_STRIP = YES;
				DEBUG_INFORMATION_FORMAT = "dwarf-with-dsym";
				GCC_C_LANGUAGE_STANDARD = "compiler-default";
				GCC_ENABLE_OBJC_EXCEPTIONS = YES;
				GCC_VERSION = "";
				GCC_WARN_64_TO_32_BIT_CONVERSION = YES;
				GCC_WARN_ABOUT_MISSING_PROTOTYPES = YES;
				GCC_WARN_ABOUT_RETURN_TYPE = YES;
				GCC_WARN_UNUSED_VARIABLE = YES;
				HEADER_SEARCH_PATHS = ./luabind;
				MACOSX_DEPLOYMENT_TARGET = 10.7;
				OTHER_CFLAGS = "";
				OTHER_CPLUSPLUSFLAGS = (
					"-D__MACOSX_CORE__",
					"-lpthread",
				);
				SDKROOT = macosx;
				USER_HEADER_SEARCH_PATHS = ./luabind;
			};
			name = Release;
		};
		302C2793142B0F6A0048A778 /* Debug */ = {
			isa = XCBuildConfiguration;
			buildSettings = {
				CLANG_CXX_LIBRARY = "compiler-default";
				EXECUTABLE_PREFIX = lib;
				FRAMEWORK_SEARCH_PATHS = "";
				GCC_C_LANGUAGE_STANDARD = "compiler-default";
				GCC_INPUT_FILETYPE = automatic;
				GCC_VERSION = "";
				GCC_WARN_64_TO_32_BIT_CONVERSION = NO;
				GCC_WARN_ABOUT_DEPRECATED_FUNCTIONS = NO;
				GCC_WARN_ABOUT_INVALID_OFFSETOF_MACRO = NO;
				GCC_WARN_ABOUT_MISSING_PROTOTYPES = NO;
				GCC_WARN_ABOUT_RETURN_TYPE = NO;
				GCC_WARN_ALLOW_INCOMPLETE_PROTOCOL = NO;
				GCC_WARN_UNUSED_VALUE = NO;
				GCC_WARN_UNUSED_VARIABLE = NO;
				HEADER_SEARCH_PATHS = (
					../../../addons/ofxLua/libs/luabind,
					/usr/local/include,
				);
				LIBRARY_SEARCH_PATHS = /usr/local/lib;
				PRODUCT_NAME = "$(TARGET_NAME)";
			};
			name = Debug;
		};
		302C2794142B0F6A0048A778 /* Release */ = {
			isa = XCBuildConfiguration;
			buildSettings = {
				CLANG_CXX_LIBRARY = "compiler-default";
				EXECUTABLE_PREFIX = lib;
				FRAMEWORK_SEARCH_PATHS = "";
				GCC_C_LANGUAGE_STANDARD = "compiler-default";
				GCC_INPUT_FILETYPE = automatic;
				GCC_VERSION = "";
				GCC_WARN_64_TO_32_BIT_CONVERSION = NO;
				GCC_WARN_ABOUT_DEPRECATED_FUNCTIONS = NO;
				GCC_WARN_ABOUT_INVALID_OFFSETOF_MACRO = NO;
				GCC_WARN_ABOUT_MISSING_PROTOTYPES = NO;
				GCC_WARN_ABOUT_RETURN_TYPE = NO;
				GCC_WARN_ALLOW_INCOMPLETE_PROTOCOL = NO;
				GCC_WARN_UNUSED_VALUE = NO;
				GCC_WARN_UNUSED_VARIABLE = NO;
				HEADER_SEARCH_PATHS = (
					../../../addons/ofxLua/libs/luabind,
					/usr/local/include,
				);
				LIBRARY_SEARCH_PATHS = /usr/local/lib;
				PRODUCT_NAME = "$(TARGET_NAME)";
			};
			name = Release;
		};
		302C279D142B0F8F0048A778 /* Debug */ = {
			isa = XCBuildConfiguration;
			buildSettings = {
				EXECUTABLE_PREFIX = lib;
				GCC_C_LANGUAGE_STANDARD = "compiler-default";
				GCC_PREPROCESSOR_DEFINITIONS_NOT_USED_IN_PRECOMPS = (
					LUA_USE_LINUX,
					"__ASSERT_MACROS_DEFINE_VERSIONS_WITHOUT_UNDERSCORES=0",
				);
				GCC_VERSION = "";
				HEADER_SEARCH_PATHS = (
					../../../addons/ofxLua/libs/lua,
					../../../addons/ofxLua/libs/lua/lua,
				);
				OTHER_CPLUSPLUSFLAGS = (
					"-D__MACOSX_CORE__",
					"-lpthread",
				);
				PRODUCT_NAME = "$(TARGET_NAME)";
				USER_HEADER_SEARCH_PATHS = "";
			};
			name = Debug;
		};
		302C279E142B0F8F0048A778 /* Release */ = {
			isa = XCBuildConfiguration;
			buildSettings = {
				EXECUTABLE_PREFIX = lib;
				GCC_C_LANGUAGE_STANDARD = "compiler-default";
				GCC_PREPROCESSOR_DEFINITIONS_NOT_USED_IN_PRECOMPS = (
					LUA_USE_LINUX,
					"__ASSERT_MACROS_DEFINE_VERSIONS_WITHOUT_UNDERSCORES=0",
				);
				GCC_VERSION = "";
				HEADER_SEARCH_PATHS = (
					../../../addons/ofxLua/libs/lua,
					../../../addons/ofxLua/libs/lua/lua,
				);
				OTHER_CPLUSPLUSFLAGS = (
					"-D__MACOSX_CORE__",
					"-lpthread",
				);
				PRODUCT_NAME = "$(TARGET_NAME)";
				USER_HEADER_SEARCH_PATHS = "";
			};
			name = Release;
		};
/* End XCBuildConfiguration section */

/* Begin XCConfigurationList section */
		302C2788142B0F6A0048A778 /* Build configuration list for PBXProject "luabind" */ = {
			isa = XCConfigurationList;
			buildConfigurations = (
				302C2790142B0F6A0048A778 /* Debug */,
				302C2791142B0F6A0048A778 /* Release */,
			);
			defaultConfigurationIsVisible = 0;
			defaultConfigurationName = Release;
		};
		302C2792142B0F6A0048A778 /* Build configuration list for PBXNativeTarget "luabind" */ = {
			isa = XCConfigurationList;
			buildConfigurations = (
				302C2793142B0F6A0048A778 /* Debug */,
				302C2794142B0F6A0048A778 /* Release */,
			);
			defaultConfigurationIsVisible = 0;
			defaultConfigurationName = Release;
		};
		302C279F142B0F8F0048A778 /* Build configuration list for PBXNativeTarget "lua" */ = {
			isa = XCConfigurationList;
			buildConfigurations = (
				302C279D142B0F8F0048A778 /* Debug */,
				302C279E142B0F8F0048A778 /* Release */,
			);
			defaultConfigurationIsVisible = 0;
			defaultConfigurationName = Release;
		};
/* End XCConfigurationList section */
	};
	rootObject = 302C2785142B0F6A0048A778 /* Project object */;
}
